
Microsoft Visual Studio Solution File, Format Version 12.00
# Visual Studio Version 17
VisualStudioVersion = 17.5.33502.453
MinimumVisualStudioVersion = 10.0.40219.1
Project("{FAE04EC0-301F-11D3-BF4B-00C04F79EFBC}") = "CAPlayerCompositionOverInheritanceAfter", "CAPlayerCompositionOverInheritanceAfter\CAPlayerCompositionOverInheritanceAfter.csproj", "{6BF7C3FE-5C2D-437B-B895-5764B1DCD3C2}"
EndProject
Global
	GlobalSection(SolutionConfigurationPlatforms) = preSolution
		Debug|Any CPU = Debug|Any CPU
		Release|Any CPU = Release|Any CPU
	EndGlobalSection
	GlobalSection(ProjectConfigurationPlatforms) = postSolution
		{6BF7C3FE-5C2D-437B-B895-5764B1DCD3C2}.Debug|Any CPU.ActiveCfg = Debug|Any CPU
		{6BF7C3FE-5C2D-437B-B895-5764B1DCD3C2}.Debug|Any CPU.Build.0 = Debug|Any CPU
		{6BF7C3FE-5C2D-437B-B895-5764B1DCD3C2}.Release|Any CPU.ActiveCfg = Release|Any CPU
		{6BF7C3FE-5C2D-437B-B895-5764B1DCD3C2}.Release|Any CPU.Build.0 = Release|Any CPU
	EndGlobalSection
	GlobalSection(SolutionProperties) = preSolution
		HideSolutionNode = FALSE
	EndGlobalSection
	GlobalSection(ExtensibilityGlobals) = postSolution
		SolutionGuid = {72FA5003-EA8D-4857-8842-D86B480FB034}
	EndGlobalSection
EndGlobal
